
Microsoft Visual Studio Solution File, Format Version 12.00
# Visual Studio 15
VisualStudioVersion = 15.0.28010.2016
MinimumVisualStudioVersion = 10.0.40219.1
Project("{FAE04EC0-301F-11D3-BF4B-00C04F79EFBC}") = "GBMembership", "GBMembership\GBMembership.csproj", "{6B8C26BE-6191-44FA-88B7-3AB38447C108}"
EndProject
Global
	GlobalSection(SolutionConfigurationPlatforms) = preSolution
		Debug|Any CPU = Debug|Any CPU
		Release|Any CPU = Release|Any CPU
	EndGlobalSection
	GlobalSection(ProjectConfigurationPlatforms) = postSolution
		{6B8C26BE-6191-44FA-88B7-3AB38447C108}.Debug|Any CPU.ActiveCfg = Debug|Any CPU
		{6B8C26BE-6191-44FA-88B7-3AB38447C108}.Debug|Any CPU.Build.0 = Debug|Any CPU
		{6B8C26BE-6191-44FA-88B7-3AB38447C108}.Release|Any CPU.ActiveCfg = Release|Any CPU
		{6B8C26BE-6191-44FA-88B7-3AB38447C108}.Release|Any CPU.Build.0 = Release|Any CPU
	EndGlobalSection
	GlobalSection(SolutionProperties) = preSolution
		HideSolutionNode = FALSE
	EndGlobalSection
	GlobalSection(ExtensibilityGlobals) = postSolution
		SolutionGuid = {CD0A6C19-42A7-4C8D-9494-BB8B7D52D2DC}
	EndGlobalSection
EndGlobal
